// !$*UTF8*$!
{
	archiveVersion = 1;
	classes = {
	};
	objectVersion = 77;
	objects = {

/* Begin PBXBuildFile section */
		8D4CD5B92DE61D58003B6ED5 /* FirebaseAuth in Frameworks */ = {isa = PBXBuildFile; productRef = 8D4CD5B82DE61D58003B6ED5 /* FirebaseAuth */; };
		8D4CD5BB2DE61D58003B6ED5 /* FirebaseFirestore in Frameworks */ = {isa = PBXBuildFile; productRef = 8D4CD5BA2DE61D58003B6ED5 /* FirebaseFirestore */; };
		8D4CD5BD2DE61D58003B6ED5 /* FirebaseFirestoreCombine-Community in Frameworks */ = {isa = PBXBuildFile; productRef = 8D4CD5BC2DE61D58003B6ED5 /* FirebaseFirestoreCombine-Community */; };
/* End PBXBuildFile section */

/* Begin PBXContainerItemProxy section */
		8D11CACC2DE8474D00D0D76F /* PBXContainerItemProxy */ = {
			isa = PBXContainerItemProxy;
			containerPortal = 8D4CD59E2DE61C8A003B6ED5 /* Project object */;
			proxyType = 1;
			remoteGlobalIDString = 8D4CD5A52DE61C8A003B6ED5;
			remoteInfo = GoalMate2;
		};
		8D1EB2492DE8801B004CE60A /* PBXContainerItemProxy */ = {
			isa = PBXContainerItemProxy;
			containerPortal = 8D4CD59E2DE61C8A003B6ED5 /* Project object */;
			proxyType = 1;
			remoteGlobalIDString = 8D4CD5A52DE61C8A003B6ED5;
			remoteInfo = GoalMate2;
		};
/* End PBXContainerItemProxy section */

/* Begin PBXFileReference section */
		8D1EB2452DE8801B004CE60A /* Tests.xctest */ = {isa = PBXFileReference; explicitFileType = wrapper.cfbundle; includeInIndex = 0; path = Tests.xctest; sourceTree = BUILT_PRODUCTS_DIR; };
		8D4CD5A62DE61C8A003B6ED5 /* GoalMate2.app */ = {isa = PBXFileReference; explicitFileType = wrapper.application; includeInIndex = 0; path = GoalMate2.app; sourceTree = BUILT_PRODUCTS_DIR; };
		8D513DEC2DE986F200F83575 /* GoalMate2Tests.xctest */ = {isa = PBXFileReference; explicitFileType = wrapper.cfbundle; includeInIndex = 0; path = GoalMate2Tests.xctest; sourceTree = BUILT_PRODUCTS_DIR; };
/* End PBXFileReference section */

/* Begin PBXFileSystemSynchronizedBuildFileExceptionSet section */
		8D0259E12DEC2BB400F89407 /* Exceptions for "GoalMate2" folder in "Tests" target */ = {
			isa = PBXFileSystemSynchronizedBuildFileExceptionSet;
			membershipExceptions = (
				Tests/GoalListViewViewModelTests.swift,
				Tests/MockGoalListViewViewModel.swift,
				Tests/Tests.swift,
			);
			target = 8D1EB2442DE8801B004CE60A /* Tests */;
		};
		8D513E362DE9B70800F83575 /* Exceptions for "GoalMate2" folder in "GoalMate2" target */ = {
			isa = PBXFileSystemSynchronizedBuildFileExceptionSet;
			membershipExceptions = (
				Info.plist,
				Tests/GoalListViewViewModelTests.swift,
				Tests/MockGoalListViewViewModel.swift,
				Tests/Tests.swift,
			);
			target = 8D4CD5A52DE61C8A003B6ED5 /* GoalMate2 */;
		};
/* End PBXFileSystemSynchronizedBuildFileExceptionSet section */

/* Begin PBXFileSystemSynchronizedRootGroup section */
		8D4CD5A82DE61C8A003B6ED5 /* GoalMate2 */ = {
			isa = PBXFileSystemSynchronizedRootGroup;
			exceptions = (
				8D513E362DE9B70800F83575 /* Exceptions for "GoalMate2" folder in "GoalMate2" target */,
				8D0259E12DEC2BB400F89407 /* Exceptions for "GoalMate2" folder in "Tests" target */,
			);
			path = GoalMate2;
			sourceTree = "<group>";
		};
/* End PBXFileSystemSynchronizedRootGroup section */

/* Begin PBXFrameworksBuildPhase section */
		8D11CAC52DE8474D00D0D76F /* Frameworks */ = {
			isa = PBXFrameworksBuildPhase;
			buildActionMask = 2147483647;
			files = (
			);
			runOnlyForDeploymentPostprocessing = 0;
		};
		8D1EB2422DE8801B004CE60A /* Frameworks */ = {
			isa = PBXFrameworksBuildPhase;
			buildActionMask = 2147483647;
			files = (
			);
			runOnlyForDeploymentPostprocessing = 0;
		};
		8D4CD5A32DE61C8A003B6ED5 /* Frameworks */ = {
			isa = PBXFrameworksBuildPhase;
			buildActionMask = 2147483647;
			files = (
				8D4CD5BD2DE61D58003B6ED5 /* FirebaseFirestoreCombine-Community in Frameworks */,
				8D4CD5B92DE61D58003B6ED5 /* FirebaseAuth in Frameworks */,
				8D4CD5BB2DE61D58003B6ED5 /* FirebaseFirestore in Frameworks */,
			);
			runOnlyForDeploymentPostprocessing = 0;
		};
/* End PBXFrameworksBuildPhase section */

/* Begin PBXGroup section */
		8D4CD59D2DE61C8A003B6ED5 = {
			isa = PBXGroup;
			children = (
				8D4CD5A72DE61C8A003B6ED5 /* Products */,
				8D4CD5A82DE61C8A003B6ED5 /* GoalMate2 */,
			);
			sourceTree = "<group>";
		};
		8D4CD5A72DE61C8A003B6ED5 /* Products */ = {
			isa = PBXGroup;
			children = (
				8D4CD5A62DE61C8A003B6ED5 /* GoalMate2.app */,
				8D1EB2452DE8801B004CE60A /* Tests.xctest */,
				8D513DEC2DE986F200F83575 /* GoalMate2Tests.xctest */,
			);
			name = Products;
			sourceTree = "<group>";
		};
/* End PBXGroup section */

/* Begin PBXNativeTarget section */
		8D11CAC72DE8474D00D0D76F /* GoalMate2Tests */ = {
			isa = PBXNativeTarget;
			buildConfigurationList = 8D11CACE2DE8474D00D0D76F /* Build configuration list for PBXNativeTarget "GoalMate2Tests" */;
			buildPhases = (
				8D11CAC42DE8474D00D0D76F /* Sources */,
				8D11CAC52DE8474D00D0D76F /* Frameworks */,
				8D11CAC62DE8474D00D0D76F /* Resources */,
			);
			buildRules = (
			);
			dependencies = (
				8D11CACD2DE8474D00D0D76F /* PBXTargetDependency */,
			);
			name = GoalMate2Tests;
			packageProductDependencies = (
			);
			productName = GoalMate2Tests;
			productReference = 8D513DEC2DE986F200F83575 /* GoalMate2Tests.xctest */;
			productType = "com.apple.product-type.bundle.unit-test";
		};
		8D1EB2442DE8801B004CE60A /* Tests */ = {
			isa = PBXNativeTarget;
			buildConfigurationList = 8D1EB24B2DE8801B004CE60A /* Build configuration list for PBXNativeTarget "Tests" */;
			buildPhases = (
				8D1EB2412DE8801B004CE60A /* Sources */,
				8D1EB2422DE8801B004CE60A /* Frameworks */,
				8D1EB2432DE8801B004CE60A /* Resources */,
			);
			buildRules = (
			);
			dependencies = (
				8D1EB24A2DE8801B004CE60A /* PBXTargetDependency */,
			);
			name = Tests;
			packageProductDependencies = (
			);
			productName = Tests;
			productReference = 8D1EB2452DE8801B004CE60A /* Tests.xctest */;
			productType = "com.apple.product-type.bundle.unit-test";
		};
		8D4CD5A52DE61C8A003B6ED5 /* GoalMate2 */ = {
			isa = PBXNativeTarget;
			buildConfigurationList = 8D4CD5B42DE61C8C003B6ED5 /* Build configuration list for PBXNativeTarget "GoalMate2" */;
			buildPhases = (
				8D4CD5A22DE61C8A003B6ED5 /* Sources */,
				8D4CD5A32DE61C8A003B6ED5 /* Frameworks */,
				8D4CD5A42DE61C8A003B6ED5 /* Resources */,
			);
			buildRules = (
			);
			dependencies = (
			);
			fileSystemSynchronizedGroups = (
				8D4CD5A82DE61C8A003B6ED5 /* GoalMate2 */,
			);
			name = GoalMate2;
			packageProductDependencies = (
				8D4CD5B82DE61D58003B6ED5 /* FirebaseAuth */,
				8D4CD5BA2DE61D58003B6ED5 /* FirebaseFirestore */,
				8D4CD5BC2DE61D58003B6ED5 /* FirebaseFirestoreCombine-Community */,
			);
			productName = GoalMate2;
			productReference = 8D4CD5A62DE61C8A003B6ED5 /* GoalMate2.app */;
			productType = "com.apple.product-type.application";
		};
/* End PBXNativeTarget section */

/* Begin PBXProject section */
		8D4CD59E2DE61C8A003B6ED5 /* Project object */ = {
			isa = PBXProject;
			attributes = {
				BuildIndependentTargetsInParallel = 1;
				LastSwiftUpdateCheck = 1620;
				LastUpgradeCheck = 1620;
				TargetAttributes = {
					8D11CAC72DE8474D00D0D76F = {
						CreatedOnToolsVersion = 16.2;
						TestTargetID = 8D4CD5A52DE61C8A003B6ED5;
					};
					8D1EB2442DE8801B004CE60A = {
						CreatedOnToolsVersion = 16.2;
						TestTargetID = 8D4CD5A52DE61C8A003B6ED5;
					};
					8D4CD5A52DE61C8A003B6ED5 = {
						CreatedOnToolsVersion = 16.2;
					};
				};
			};
			buildConfigurationList = 8D4CD5A12DE61C8A003B6ED5 /* Build configuration list for PBXProject "GoalMate2" */;
			developmentRegion = en;
			hasScannedForEncodings = 0;
			knownRegions = (
				en,
				Base,
			);
			mainGroup = 8D4CD59D2DE61C8A003B6ED5;
			minimizedProjectReferenceProxies = 1;
			packageReferences = (
				8D4CD5B72DE61D58003B6ED5 /* XCRemoteSwiftPackageReference "firebase-ios-sdk" */,
			);
			preferredProjectObjectVersion = 77;
			productRefGroup = 8D4CD5A72DE61C8A003B6ED5 /* Products */;
			projectDirPath = "";
			projectRoot = "";
			targets = (
				8D4CD5A52DE61C8A003B6ED5 /* GoalMate2 */,
				8D11CAC72DE8474D00D0D76F /* GoalMate2Tests */,
				8D1EB2442DE8801B004CE60A /* Tests */,
			);
		};
/* End PBXProject section */

/* Begin PBXResourcesBuildPhase section */
		8D11CAC62DE8474D00D0D76F /* Resources */ = {
			isa = PBXResourcesBuildPhase;
			buildActionMask = 2147483647;
			files = (
			);
			runOnlyForDeploymentPostprocessing = 0;
		};
		8D1EB2432DE8801B004CE60A /* Resources */ = {
			isa = PBXResourcesBuildPhase;
			buildActionMask = 2147483647;
			files = (
			);
			runOnlyForDeploymentPostprocessing = 0;
		};
		8D4CD5A42DE61C8A003B6ED5 /* Resources */ = {
			isa = PBXResourcesBuildPhase;
			buildActionMask = 2147483647;
			files = (
			);
			runOnlyForDeploymentPostprocessing = 0;
		};
/* End PBXResourcesBuildPhase section */

/* Begin PBXSourcesBuildPhase section */
		8D11CAC42DE8474D00D0D76F /* Sources */ = {
			isa = PBXSourcesBuildPhase;
			buildActionMask = 2147483647;
			files = (
			);
			runOnlyForDeploymentPostprocessing = 0;
		};
		8D1EB2412DE8801B004CE60A /* Sources */ = {
			isa = PBXSourcesBuildPhase;
			buildActionMask = 2147483647;
			files = (
			);
			runOnlyForDeploymentPostprocessing = 0;
		};
		8D4CD5A22DE61C8A003B6ED5 /* Sources */ = {
			isa = PBXSourcesBuildPhase;
			buildActionMask = 2147483647;
			files = (
			);
			runOnlyForDeploymentPostprocessing = 0;
		};
/* End PBXSourcesBuildPhase section */

/* Begin PBXTargetDependency section */
		8D11CACD2DE8474D00D0D76F /* PBXTargetDependency */ = {
			isa = PBXTargetDependency;
			target = 8D4CD5A52DE61C8A003B6ED5 /* GoalMate2 */;
			targetProxy = 8D11CACC2DE8474D00D0D76F /* PBXContainerItemProxy */;
		};
		8D1EB24A2DE8801B004CE60A /* PBXTargetDependency */ = {
			isa = PBXTargetDependency;
			target = 8D4CD5A52DE61C8A003B6ED5 /* GoalMate2 */;
			targetProxy = 8D1EB2492DE8801B004CE60A /* PBXContainerItemProxy */;
		};
/* End PBXTargetDependency section */

/* Begin XCBuildConfiguration section */
		8D11CACF2DE8474D00D0D76F /* Debug */ = {
			isa = XCBuildConfiguration;
			buildSettings = {
				BUNDLE_LOADER = "$(TEST_HOST)";
				CODE_SIGN_STYLE = Automatic;
				CURRENT_PROJECT_VERSION = 1;
				GENERATE_INFOPLIST_FILE = YES;
				MARKETING_VERSION = 1.0;
				PRODUCT_BUNDLE_IDENTIFIER = com.alua.zholdykan.GoalMate2Tests;
				PRODUCT_NAME = "$(TARGET_NAME)";
				SWIFT_EMIT_LOC_STRINGS = NO;
				SWIFT_VERSION = 5.0;
				TARGETED_DEVICE_FAMILY = "1,2";
				TEST_HOST = "$(BUILT_PRODUCTS_DIR)/GoalMate2.app/$(BUNDLE_EXECUTABLE_FOLDER_PATH)/GoalMate2";
			};
			name = Debug;
		};
		8D11CAD02DE8474D00D0D76F /* Release */ = {
			isa = XCBuildConfiguration;
			buildSettings = {
				BUNDLE_LOADER = "$(TEST_HOST)";
				CODE_SIGN_STYLE = Automatic;
				CURRENT_PROJECT_VERSION = 1;
				GENERATE_INFOPLIST_FILE = YES;
				MARKETING_VERSION = 1.0;
				PRODUCT_BUNDLE_IDENTIFIER = com.alua.zholdykan.GoalMate2Tests;
				PRODUCT_NAME = "$(TARGET_NAME)";
				SWIFT_EMIT_LOC_STRINGS = NO;
				SWIFT_VERSION = 5.0;
				TARGETED_DEVICE_FAMILY = "1,2";
				TEST_HOST = "$(BUILT_PRODUCTS_DIR)/GoalMate2.app/$(BUNDLE_EXECUTABLE_FOLDER_PATH)/GoalMate2";
			};
			name = Release;
		};
		8D1EB24C2DE8801B004CE60A /* Debug */ = {
			isa = XCBuildConfiguration;
			buildSettings = {
				BUNDLE_LOADER = "$(TEST_HOST)";
				CODE_SIGN_STYLE = Automatic;
				CURRENT_PROJECT_VERSION = 1;
				GENERATE_INFOPLIST_FILE = YES;
				MARKETING_VERSION = 1.0;
				PRODUCT_BUNDLE_IDENTIFIER = com.alua.zholdykan.Tests;
				PRODUCT_NAME = "$(TARGET_NAME)";
				SWIFT_EMIT_LOC_STRINGS = NO;
				SWIFT_VERSION = 5.0;
				TARGETED_DEVICE_FAMILY = "1,2";
				TEST_HOST = "$(BUILT_PRODUCTS_DIR)/GoalMate2.app/$(BUNDLE_EXECUTABLE_FOLDER_PATH)/GoalMate2";
			};
			name = Debug;
		};
		8D1EB24D2DE8801B004CE60A /* Release */ = {
			isa = XCBuildConfiguration;
			buildSettings = {
				BUNDLE_LOADER = "$(TEST_HOST)";
				CODE_SIGN_STYLE = Automatic;
				CURRENT_PROJECT_VERSION = 1;
				GENERATE_INFOPLIST_FILE = YES;
				MARKETING_VERSION = 1.0;
				PRODUCT_BUNDLE_IDENTIFIER = com.alua.zholdykan.Tests;
				PRODUCT_NAME = "$(TARGET_NAME)";
				SWIFT_EMIT_LOC_STRINGS = NO;
				SWIFT_VERSION = 5.0;
				TARGETED_DEVICE_FAMILY = "1,2";
				TEST_HOST = "$(BUILT_PRODUCTS_DIR)/GoalMate2.app/$(BUNDLE_EXECUTABLE_FOLDER_PATH)/GoalMate2";
			};
			name = Release;
		};
		8D4CD5B22DE61C8C003B6ED5 /* Debug */ = {
			isa = XCBuildConfiguration;
			buildSettings = {
				ALWAYS_SEARCH_USER_PATHS = NO;
				ASSETCATALOG_COMPILER_GENERATE_SWIFT_ASSET_SYMBOL_EXTENSIONS = YES;
				CLANG_ANALYZER_NONNULL = YES;
				CLANG_ANALYZER_NUMBER_OBJECT_CONVERSION = YES_AGGRESSIVE;
				CLANG_CXX_LANGUAGE_STANDARD = "gnu++20";
				CLANG_ENABLE_MODULES = YES;
				CLANG_ENABLE_OBJC_ARC = YES;
				CLANG_ENABLE_OBJC_WEAK = YES;
				CLANG_WARN_BLOCK_CAPTURE_AUTORELEASING = YES;
				CLANG_WARN_BOOL_CONVERSION = YES;
				CLANG_WARN_COMMA = YES;
				CLANG_WARN_CONSTANT_CONVERSION = YES;
				CLANG_WARN_DEPRECATED_OBJC_IMPLEMENTATIONS = YES;
				CLANG_WARN_DIRECT_OBJC_ISA_USAGE = YES_ERROR;
				CLANG_WARN_DOCUMENTATION_COMMENTS = YES;
				CLANG_WARN_EMPTY_BODY = YES;
				CLANG_WARN_ENUM_CONVERSION = YES;
				CLANG_WARN_INFINITE_RECURSION = YES;
				CLANG_WARN_INT_CONVERSION = YES;
				CLANG_WARN_NON_LITERAL_NULL_CONVERSION = YES;
				CLANG_WARN_OBJC_IMPLICIT_RETAIN_SELF = YES;
				CLANG_WARN_OBJC_LITERAL_CONVERSION = YES;
				CLANG_WARN_OBJC_ROOT_CLASS = YES_ERROR;
				CLANG_WARN_QUOTED_INCLUDE_IN_FRAMEWORK_HEADER = YES;
				CLANG_WARN_RANGE_LOOP_ANALYSIS = YES;
				CLANG_WARN_STRICT_PROTOTYPES = YES;
				CLANG_WARN_SUSPICIOUS_MOVE = YES;
				CLANG_WARN_UNGUARDED_AVAILABILITY = YES_AGGRESSIVE;
				CLANG_WARN_UNREACHABLE_CODE = YES;
				CLANG_WARN__DUPLICATE_METHOD_MATCH = YES;
				COPY_PHASE_STRIP = NO;
				DEBUG_INFORMATION_FORMAT = dwarf;
				ENABLE_STRICT_OBJC_MSGSEND = YES;
				ENABLE_TESTABILITY = YES;
				ENABLE_USER_SCRIPT_SANDBOXING = YES;
				GCC_C_LANGUAGE_STANDARD = gnu17;
				GCC_DYNAMIC_NO_PIC = NO;
				GCC_NO_COMMON_BLOCKS = YES;
				GCC_OPTIMIZATION_LEVEL = 0;
				GCC_PREPROCESSOR_DEFINITIONS = (
					"DEBUG=1",
					"$(inherited)",
				);
				GCC_WARN_64_TO_32_BIT_CONVERSION = YES;
				GCC_WARN_ABOUT_RETURN_TYPE = YES_ERROR;
				GCC_WARN_UNDECLARED_SELECTOR = YES;
				GCC_WARN_UNINITIALIZED_AUTOS = YES_AGGRESSIVE;
				GCC_WARN_UNUSED_FUNCTION = YES;
				GCC_WARN_UNUSED_VARIABLE = YES;
				IPHONEOS_DEPLOYMENT_TARGET = 18.2;
				LOCALIZATION_PREFERS_STRING_CATALOGS = YES;
				MTL_ENABLE_DEBUG_INFO = INCLUDE_SOURCE;
				MTL_FAST_MATH = YES;
				ONLY_ACTIVE_ARCH = YES;
				SDKROOT = iphoneos;
				SWIFT_ACTIVE_COMPILATION_CONDITIONS = "DEBUG $(inherited)";
				SWIFT_OPTIMIZATION_LEVEL = "-Onone";
			};
			name = Debug;
		};
		8D4CD5B32DE61C8C003B6ED5 /* Release */ = {
			isa = XCBuildConfiguration;
			buildSettings = {
				ALWAYS_SEARCH_USER_PATHS = NO;
				ASSETCATALOG_COMPILER_GENERATE_SWIFT_ASSET_SYMBOL_EXTENSIONS = YES;
				CLANG_ANALYZER_NONNULL = YES;
				CLANG_ANALYZER_NUMBER_OBJECT_CONVERSION = YES_AGGRESSIVE;
				CLANG_CXX_LANGUAGE_STANDARD = "gnu++20";
				CLANG_ENABLE_MODULES = YES;
				CLANG_ENABLE_OBJC_ARC = YES;
				CLANG_ENABLE_OBJC_WEAK = YES;
				CLANG_WARN_BLOCK_CAPTURE_AUTORELEASING = YES;
				CLANG_WARN_BOOL_CONVERSION = YES;
				CLANG_WARN_COMMA = YES;
				CLANG_WARN_CONSTANT_CONVERSION = YES;
				CLANG_WARN_DEPRECATED_OBJC_IMPLEMENTATIONS = YES;
				CLANG_WARN_DIRECT_OBJC_ISA_USAGE = YES_ERROR;
				CLANG_WARN_DOCUMENTATION_COMMENTS = YES;
				CLANG_WARN_EMPTY_BODY = YES;
				CLANG_WARN_ENUM_CONVERSION = YES;
				CLANG_WARN_INFINITE_RECURSION = YES;
				CLANG_WARN_INT_CONVERSION = YES;
				CLANG_WARN_NON_LITERAL_NULL_CONVERSION = YES;
				CLANG_WARN_OBJC_IMPLICIT_RETAIN_SELF = YES;
				CLANG_WARN_OBJC_LITERAL_CONVERSION = YES;
				CLANG_WARN_OBJC_ROOT_CLASS = YES_ERROR;
				CLANG_WARN_QUOTED_INCLUDE_IN_FRAMEWORK_HEADER = YES;
				CLANG_WARN_RANGE_LOOP_ANALYSIS = YES;
				CLANG_WARN_STRICT_PROTOTYPES = YES;
				CLANG_WARN_SUSPICIOUS_MOVE = YES;
				CLANG_WARN_UNGUARDED_AVAILABILITY = YES_AGGRESSIVE;
				CLANG_WARN_UNREACHABLE_CODE = YES;
				CLANG_WARN__DUPLICATE_METHOD_MATCH = YES;
				COPY_PHASE_STRIP = NO;
				DEBUG_INFORMATION_FORMAT = "dwarf-with-dsym";
				ENABLE_NS_ASSERTIONS = NO;
				ENABLE_STRICT_OBJC_MSGSEND = YES;
				ENABLE_USER_SCRIPT_SANDBOXING = YES;
				GCC_C_LANGUAGE_STANDARD = gnu17;
				GCC_NO_COMMON_BLOCKS = YES;
				GCC_WARN_64_TO_32_BIT_CONVERSION = YES;
				GCC_WARN_ABOUT_RETURN_TYPE = YES_ERROR;
				GCC_WARN_UNDECLARED_SELECTOR = YES;
				GCC_WARN_UNINITIALIZED_AUTOS = YES_AGGRESSIVE;
				GCC_WARN_UNUSED_FUNCTION = YES;
				GCC_WARN_UNUSED_VARIABLE = YES;
				IPHONEOS_DEPLOYMENT_TARGET = 18.2;
				LOCALIZATION_PREFERS_STRING_CATALOGS = YES;
				MTL_ENABLE_DEBUG_INFO = NO;
				MTL_FAST_MATH = YES;
				SDKROOT = iphoneos;
				SWIFT_COMPILATION_MODE = wholemodule;
				VALIDATE_PRODUCT = YES;
			};
			name = Release;
		};
		8D4CD5B52DE61C8C003B6ED5 /* Debug */ = {
			isa = XCBuildConfiguration;
			buildSettings = {
				ASSETCATALOG_COMPILER_APPICON_NAME = AppIcon;
				ASSETCATALOG_COMPILER_GLOBAL_ACCENT_COLOR_NAME = AccentColor;
				CODE_SIGN_STYLE = Automatic;
				CURRENT_PROJECT_VERSION = 1;
				DEVELOPMENT_ASSET_PATHS = "\"GoalMate2/Sources/Resources/Preview Content\"";
				DEVELOPMENT_TEAM = 25V88933DU;
				ENABLE_PREVIEWS = YES;
				GENERATE_INFOPLIST_FILE = YES;
				INFOPLIST_FILE = GoalMate2/Info.plist;
				INFOPLIST_KEY_CFBundleDisplayName = "Goal Mate";
				INFOPLIST_KEY_MetalCaptureEnabled = YES;
				INFOPLIST_KEY_NSCameraUsageDescription = "This app needs camera access for AR features";
				INFOPLIST_KEY_UIApplicationSceneManifest_Generation = YES;
				INFOPLIST_KEY_UIApplicationSupportsIndirectInputEvents = YES;
				INFOPLIST_KEY_UILaunchScreen_Generation = YES;
				INFOPLIST_KEY_UIRequiresFullScreen = YES;
				INFOPLIST_KEY_UISupportedInterfaceOrientations = UIInterfaceOrientationPortrait;
				IPHONEOS_DEPLOYMENT_TARGET = 18.1;
				LD_RUNPATH_SEARCH_PATHS = (
					"$(inherited)",
					"@executable_path/Frameworks",
				);
				MARKETING_VERSION = 1.0;
				PRODUCT_BUNDLE_IDENTIFIER = com.alua.zholdykan.GoalMate2;
				PRODUCT_NAME = "$(TARGET_NAME)";
				SWIFT_EMIT_LOC_STRINGS = YES;
				SWIFT_VERSION = 5.0;
				TARGETED_DEVICE_FAMILY = "1,2";
			};
			name = Debug;
		};
		8D4CD5B62DE61C8C003B6ED5 /* Release */ = {
			isa = XCBuildConfiguration;
			buildSettings = {
				ASSETCATALOG_COMPILER_APPICON_NAME = AppIcon;
				ASSETCATALOG_COMPILER_GLOBAL_ACCENT_COLOR_NAME = AccentColor;
				CODE_SIGN_STYLE = Automatic;
				CURRENT_PROJECT_VERSION = 1;
				DEVELOPMENT_ASSET_PATHS = "\"GoalMate2/Sources/Resources/Preview Content\"";
				DEVELOPMENT_TEAM = 25V88933DU;
				ENABLE_PREVIEWS = YES;
				GENERATE_INFOPLIST_FILE = YES;
				INFOPLIST_FILE = GoalMate2/Info.plist;
				INFOPLIST_KEY_CFBundleDisplayName = "Goal Mate";
				INFOPLIST_KEY_MetalCaptureEnabled = YES;
				INFOPLIST_KEY_NSCameraUsageDescription = "This app needs camera access for AR features";
				INFOPLIST_KEY_UIApplicationSceneManifest_Generation = YES;
				INFOPLIST_KEY_UIApplicationSupportsIndirectInputEvents = YES;
				INFOPLIST_KEY_UILaunchScreen_Generation = YES;
				INFOPLIST_KEY_UIRequiresFullScreen = YES;
				INFOPLIST_KEY_UISupportedInterfaceOrientations = UIInterfaceOrientationPortrait;
				IPHONEOS_DEPLOYMENT_TARGET = 18.1;
				LD_RUNPATH_SEARCH_PATHS = (
					"$(inherited)",
					"@executable_path/Frameworks",
				);
				MARKETING_VERSION = 1.0;
				PRODUCT_BUNDLE_IDENTIFIER = com.alua.zholdykan.GoalMate2;
				PRODUCT_NAME = "$(TARGET_NAME)";
				SWIFT_EMIT_LOC_STRINGS = YES;
				SWIFT_VERSION = 5.0;
				TARGETED_DEVICE_FAMILY = "1,2";
			};
			name = Release;
		};
/* End XCBuildConfiguration section */

/* Begin XCConfigurationList section */
		8D11CACE2DE8474D00D0D76F /* Build configuration list for PBXNativeTarget "GoalMate2Tests" */ = {
			isa = XCConfigurationList;
			buildConfigurations = (
				8D11CACF2DE8474D00D0D76F /* Debug */,
				8D11CAD02DE8474D00D0D76F /* Release */,
			);
			defaultConfigurationIsVisible = 0;
			defaultConfigurationName = Release;
		};
		8D1EB24B2DE8801B004CE60A /* Build configuration list for PBXNativeTarget "Tests" */ = {
			isa = XCConfigurationList;
			buildConfigurations = (
				8D1EB24C2DE8801B004CE60A /* Debug */,
				8D1EB24D2DE8801B004CE60A /* Release */,
			);
			defaultConfigurationIsVisible = 0;
			defaultConfigurationName = Release;
		};
		8D4CD5A12DE61C8A003B6ED5 /* Build configuration list for PBXProject "GoalMate2" */ = {
			isa = XCConfigurationList;
			buildConfigurations = (
				8D4CD5B22DE61C8C003B6ED5 /* Debug */,
				8D4CD5B32DE61C8C003B6ED5 /* Release */,
			);
			defaultConfigurationIsVisible = 0;
			defaultConfigurationName = Release;
		};
		8D4CD5B42DE61C8C003B6ED5 /* Build configuration list for PBXNativeTarget "GoalMate2" */ = {
			isa = XCConfigurationList;
			buildConfigurations = (
				8D4CD5B52DE61C8C003B6ED5 /* Debug */,
				8D4CD5B62DE61C8C003B6ED5 /* Release */,
			);
			defaultConfigurationIsVisible = 0;
			defaultConfigurationName = Release;
		};
/* End XCConfigurationList section */

/* Begin XCRemoteSwiftPackageReference section */
		8D4CD5B72DE61D58003B6ED5 /* XCRemoteSwiftPackageReference "firebase-ios-sdk" */ = {
			isa = XCRemoteSwiftPackageReference;
			repositoryURL = "https://github.com/firebase/firebase-ios-sdk";
			requirement = {
				kind = upToNextMajorVersion;
				minimumVersion = 11.13.0;
			};
		};
/* End XCRemoteSwiftPackageReference section */

/* Begin XCSwiftPackageProductDependency section */
		8D4CD5B82DE61D58003B6ED5 /* FirebaseAuth */ = {
			isa = XCSwiftPackageProductDependency;
			package = 8D4CD5B72DE61D58003B6ED5 /* XCRemoteSwiftPackageReference "firebase-ios-sdk" */;
			productName = FirebaseAuth;
		};
		8D4CD5BA2DE61D58003B6ED5 /* FirebaseFirestore */ = {
			isa = XCSwiftPackageProductDependency;
			package = 8D4CD5B72DE61D58003B6ED5 /* XCRemoteSwiftPackageReference "firebase-ios-sdk" */;
			productName = FirebaseFirestore;
		};
		8D4CD5BC2DE61D58003B6ED5 /* FirebaseFirestoreCombine-Community */ = {
			isa = XCSwiftPackageProductDependency;
			package = 8D4CD5B72DE61D58003B6ED5 /* XCRemoteSwiftPackageReference "firebase-ios-sdk" */;
			productName = "FirebaseFirestoreCombine-Community";
		};
/* End XCSwiftPackageProductDependency section */
	};
	rootObject = 8D4CD59E2DE61C8A003B6ED5 /* Project object */;
}
